
Microsoft Visual Studio Solution File, Format Version 12.00
# Visual Studio 15
VisualStudioVersion = 15.0.28307.489
MinimumVisualStudioVersion = 10.0.40219.1
Project("{FAE04EC0-301F-11D3-BF4B-00C04F79EFBC}") = "SalesWebMvc", "SalesWebMvc\SalesWebMvc.csproj", "{8A80C5C0-1A04-45AA-8438-4F5480F06908}"
EndProject
Global
	GlobalSection(SolutionConfigurationPlatforms) = preSolution
		Debug|Any CPU = Debug|Any CPU
		Release|Any CPU = Release|Any CPU
	EndGlobalSection
	GlobalSection(ProjectConfigurationPlatforms) = postSolution
		{8A80C5C0-1A04-45AA-8438-4F5480F06908}.Debug|Any CPU.ActiveCfg = Debug|Any CPU
		{8A80C5C0-1A04-45AA-8438-4F5480F06908}.Debug|Any CPU.Build.0 = Debug|Any CPU
		{8A80C5C0-1A04-45AA-8438-4F5480F06908}.Release|Any CPU.ActiveCfg = Release|Any CPU
		{8A80C5C0-1A04-45AA-8438-4F5480F06908}.Release|Any CPU.Build.0 = Release|Any CPU
	EndGlobalSection
	GlobalSection(SolutionProperties) = preSolution
		HideSolutionNode = FALSE
	EndGlobalSection
	GlobalSection(ExtensibilityGlobals) = postSolution
		SolutionGuid = {3F207352-AE6D-4360-B935-19546E91347C}
	EndGlobalSection
EndGlobal
